
Microsoft Visual Studio Solution File, Format Version 12.00
# Visual Studio Version 17
VisualStudioVersion = 17.8.34408.163
MinimumVisualStudioVersion = 10.0.40219.1
Project("{FAE04EC0-301F-11D3-BF4B-00C04F79EFBC}") = "modul5_1302220112", "modul5_1302220112\modul5_1302220112.csproj", "{F9C2801D-038C-4F4A-A253-71957339A555}"
EndProject
Global
	GlobalSection(SolutionConfigurationPlatforms) = preSolution
		Debug|Any CPU = Debug|Any CPU
		Release|Any CPU = Release|Any CPU
	EndGlobalSection
	GlobalSection(ProjectConfigurationPlatforms) = postSolution
		{F9C2801D-038C-4F4A-A253-71957339A555}.Debug|Any CPU.ActiveCfg = Debug|Any CPU
		{F9C2801D-038C-4F4A-A253-71957339A555}.Debug|Any CPU.Build.0 = Debug|Any CPU
		{F9C2801D-038C-4F4A-A253-71957339A555}.Release|Any CPU.ActiveCfg = Release|Any CPU
		{F9C2801D-038C-4F4A-A253-71957339A555}.Release|Any CPU.Build.0 = Release|Any CPU
	EndGlobalSection
	GlobalSection(SolutionProperties) = preSolution
		HideSolutionNode = FALSE
	EndGlobalSection
	GlobalSection(ExtensibilityGlobals) = postSolution
		SolutionGuid = {B75D5354-EAA1-4C7C-86D9-6F983B006839}
	EndGlobalSection
EndGlobal
